
Microsoft Visual Studio Solution File, Format Version 12.00
# Visual Studio 15
VisualStudioVersion = 15.0.28307.168
MinimumVisualStudioVersion = 10.0.40219.1
Project("{FAE04EC0-301F-11D3-BF4B-00C04F79EFBC}") = "Snake", "Snake\Snake.csproj", "{94531B47-63AB-4C01-9CA1-57E8D30C5F12}"
EndProject
Global
	GlobalSection(SolutionConfigurationPlatforms) = preSolution
		Debug|Any CPU = Debug|Any CPU
		Release|Any CPU = Release|Any CPU
	EndGlobalSection
	GlobalSection(ProjectConfigurationPlatforms) = postSolution
		{94531B47-63AB-4C01-9CA1-57E8D30C5F12}.Debug|Any CPU.ActiveCfg = Debug|Any CPU
		{94531B47-63AB-4C01-9CA1-57E8D30C5F12}.Debug|Any CPU.Build.0 = Debug|Any CPU
		{94531B47-63AB-4C01-9CA1-57E8D30C5F12}.Release|Any CPU.ActiveCfg = Release|Any CPU
		{94531B47-63AB-4C01-9CA1-57E8D30C5F12}.Release|Any CPU.Build.0 = Release|Any CPU
	EndGlobalSection
	GlobalSection(SolutionProperties) = preSolution
		HideSolutionNode = FALSE
	EndGlobalSection
	GlobalSection(ExtensibilityGlobals) = postSolution
		SolutionGuid = {3D4E34B8-DD74-49C7-B4C3-F72C10641D83}
	EndGlobalSection
EndGlobal
